
Microsoft Visual Studio Solution File, Format Version 12.00
# Visual Studio Version 16
VisualStudioVersion = 16.0.29905.134
MinimumVisualStudioVersion = 10.0.40219.1
Project("{FAE04EC0-301F-11D3-BF4B-00C04F79EFBC}") = "expressionWpfTest1", "expressionWpfTest1\expressionWpfTest1.csproj", "{AF003CA3-2ED1-483B-85F2-0D67024719F8}"
EndProject
Global
	GlobalSection(SolutionConfigurationPlatforms) = preSolution
		Debug|Any CPU = Debug|Any CPU
		Release|Any CPU = Release|Any CPU
	EndGlobalSection
	GlobalSection(ProjectConfigurationPlatforms) = postSolution
		{AF003CA3-2ED1-483B-85F2-0D67024719F8}.Debug|Any CPU.ActiveCfg = Debug|Any CPU
		{AF003CA3-2ED1-483B-85F2-0D67024719F8}.Debug|Any CPU.Build.0 = Debug|Any CPU
		{AF003CA3-2ED1-483B-85F2-0D67024719F8}.Release|Any CPU.ActiveCfg = Release|Any CPU
		{AF003CA3-2ED1-483B-85F2-0D67024719F8}.Release|Any CPU.Build.0 = Release|Any CPU
	EndGlobalSection
	GlobalSection(SolutionProperties) = preSolution
		HideSolutionNode = FALSE
	EndGlobalSection
	GlobalSection(ExtensibilityGlobals) = postSolution
		SolutionGuid = {B2991BB5-843D-4DC2-A122-4C572D53E0F7}
	EndGlobalSection
EndGlobal
